# THIS IS AN AUTOGENERATED FILE. DO NOT EDIT THIS FILE DIRECTLY.
# yarn lockfile v1


rot-js@^2.1.1:
  version "2.1.1"
  resolved "https://registry.yarnpkg.com/rot-js/-/rot-js-2.1.1.tgz#b027f09c4bc642a9d7eb064dc32bde2fc51d4ee7"
  integrity sha512-CtqgIm/gM2Rfo2yi4AktYcVWD0VU2UxmJsV9F+aI0LBI6Y4jhsX/SlLEDdmVqY3YmMUw8jWKONYfPb/jOfS3rQ==
